<?xml version="1.0" encoding="utf-8"?>
<Project ToolsVersion="4.0" xmlns="http://schemas.microsoft.com/developer/msbuild/2003">
  <ItemGroup>
    <Filter Include="Source Files">
      <UniqueIdentifier>{4FC737F1-C7A5-4376-A066-2A32D752A2FF}</UniqueIdentifier>
      <Extensions>cpp;c;cc;cxx;c++;cppm;ixx;def;odl;idl;hpj;bat;asm;asmx</Extensions>
    </Filter>
    <Filter Include="Header Files">
      <UniqueIdentifier>{93995380-89BD-4b04-88EB-625FBE52EBFB}</UniqueIdentifier>
      <Extensions>h;hh;hpp;hxx;h++;hm;inl;inc;ipp;xsd</Extensions>
    </Filter>
    <Filter Include="Resource Files">
      <UniqueIdentifier>{67DA6AB6-F800-4c08-8B7A-83BB121AAD01}</UniqueIdentifier>
      <Extensions>rc;ico;cur;bmp;dlg;rc2;rct;bin;rgs;gif;jpg;jpeg;jpe;resx;tiff;tif;png;wav;mfcribbon-ms</Extensions>
    </Filter>
    <Filter Include="Source Files\Clases">
      <UniqueIdentifier>{abd77f42-a034-4804-b5e6-19b7c07d64be}</UniqueIdentifier>
    </Filter>
    <Filter Include="Source Files\Funciones">
      <UniqueIdentifier>{5a1eb1be-7ff5-4961-b2fd-55c517f5e294}</UniqueIdentifier>
    </Filter>
    <Filter Include="Source Files\AnimacionesYASCIIArts">
      <UniqueIdentifier>{39dfad78-f505-4d16-9797-5203517313de}</UniqueIdentifier>
    </Filter>
    <Filter Include="Source Files\Clases\Padres">
      <UniqueIdentifier>{170990df-5c47-46c9-b63e-1d61aa9c20c9}</UniqueIdentifier>
    </Filter>
    <Filter Include="Source Files\Clases\Herencia">
      <UniqueIdentifier>{0a5b6ae0-9ea5-4be4-aa78-827c2190a871}</UniqueIdentifier>
    </Filter>
    <Filter Include="Source Files\Clases\Herencia\Proyectiles">
      <UniqueIdentifier>{d96b96ba-a40f-4270-84c9-95e81971c452}</UniqueIdentifier>
    </Filter>
    <Filter Include="Source Files\Clases\Herencia\Enemigos">
      <UniqueIdentifier>{e83ad3f6-707b-4d6c-b539-838964bb8340}</UniqueIdentifier>
    </Filter>
    <Filter Include="Source Files\Clases\Herencia\Obstaculos">
      <UniqueIdentifier>{4da04039-f154-4a4a-a625-c5bc44ea1aea}</UniqueIdentifier>
    </Filter>
    <Filter Include="Source Files\Clases\Herencia\Niveles">
      <UniqueIdentifier>{20fda0d8-fec7-4e21-852e-9e6fba588f80}</UniqueIdentifier>
    </Filter>
    <Filter Include="Source Files\Niveles">
      <UniqueIdentifier>{e25d82f7-6f85-40aa-881c-228fcc9d685e}</UniqueIdentifier>
    </Filter>
    <Filter Include="Source Files\AnimacionesYASCIIArts\ASCII">
      <UniqueIdentifier>{fbbf8c62-1b24-4a94-a8ca-68029eb3f009}</UniqueIdentifier>
    </Filter>
    <Filter Include="Source Files\Clases\Libreria">
      <UniqueIdentifier>{51d792f1-b844-485e-bcbb-ad772ceffef6}</UniqueIdentifier>
    </Filter>
  </ItemGroup>
  <ItemGroup>
    <ClCompile Include="Menu.cpp">
      <Filter>Source Files</Filter>
    </ClCompile>
  </ItemGroup>
  <ItemGroup>
    <ClInclude Include="Librerias.h">
      <Filter>Source Files</Filter>
    </ClInclude>
    <ClInclude Include="FuncionesDelMenu.h">
      <Filter>Source Files\Funciones</Filter>
    </ClInclude>
    <ClInclude Include="TextoAnimadoDialogosETC.h">
      <Filter>Source Files\AnimacionesYASCIIArts</Filter>
    </ClInclude>
    <ClInclude Include="Enemigos.h">
      <Filter>Source Files\Clases\Padres</Filter>
    </ClInclude>
    <ClInclude Include="Habilidades.h">
      <Filter>Source Files\Clases\Padres</Filter>
    </ClInclude>
    <ClInclude Include="LasersMenu.h">
      <Filter>Source Files\Clases\Padres</Filter>
    </ClInclude>
    <ClInclude Include="Mejoras.h">
      <Filter>Source Files\Clases\Padres</Filter>
    </ClInclude>
    <ClInclude Include="NivelesClase.h">
      <Filter>Source Files\Clases\Padres</Filter>
    </ClInclude>
    <ClInclude Include="Obstaculos.h">
      <Filter>Source Files\Clases\Padres</Filter>
    </ClInclude>
    <ClInclude Include="Protagonistas.h">
      <Filter>Source Files\Clases\Padres</Filter>
    </ClInclude>
    <ClInclude Include="Proyectiles.h">
      <Filter>Source Files\Clases\Padres</Filter>
    </ClInclude>
    <ClInclude Include="Carros.h">
      <Filter>Source Files\Clases\Herencia\Proyectiles</Filter>
    </ClInclude>
    <ClInclude Include="Tambores.h">
      <Filter>Source Files\Clases\Herencia\Proyectiles</Filter>
    </ClInclude>
    <ClInclude Include="Ayudantes.h">
      <Filter>Source Files\Clases\Herencia\Enemigos</Filter>
    </ClInclude>
    <ClInclude Include="Items.h">
      <Filter>Source Files\Clases\Herencia\Obstaculos</Filter>
    </ClInclude>
    <ClInclude Include="ItemsConstruccion.h">
      <Filter>Source Files\Clases\Herencia\Obstaculos</Filter>
    </ClInclude>
    <ClInclude Include="NivelPersecucionClase.h">
      <Filter>Source Files\Clases\Herencia\Niveles</Filter>
    </ClInclude>
    <ClInclude Include="NPCs.h">
      <Filter>Source Files\Clases\Herencia\Obstaculos</Filter>
    </ClInclude>
    <ClInclude Include="Spot.h">
      <Filter>Source Files\Clases\Herencia\Enemigos</Filter>
    </ClInclude>
    <ClInclude Include="Niveles.h">
      <Filter>Source Files\Niveles</Filter>
    </ClInclude>
    <ClInclude Include="NivelRitmo.h">
      <Filter>Source Files\Niveles</Filter>
    </ClInclude>
    <ClInclude Include="ASCIIArtsMenu.h">
      <Filter>Source Files\AnimacionesYASCIIArts\ASCII</Filter>
    </ClInclude>
    <ClInclude Include="ASCIIArtsNiveles.h">
      <Filter>Source Files\AnimacionesYASCIIArts\ASCII</Filter>
    </ClInclude>
    <ClInclude Include="Clases.h">
      <Filter>Source Files\Clases\Libreria</Filter>
    </ClInclude>
  </ItemGroup>
  <ItemGroup>
    <Media Include="Sonidos\pam.wav">
      <Filter>Resource Files</Filter>
    </Media>
    <Media Include="Sonidos\pum.wav">
      <Filter>Resource Files</Filter>
    </Media>
  </ItemGroup>
</Project>